
Microsoft Visual Studio Solution File, Format Version 11.00
# Visual Studio 2010
Project("{FAE04EC0-301F-11D3-BF4B-00C04F79EFBC}") = "STRING_DIC_creator_gracenote", "string_svo_reader\STRING_DIC_creator_gracenote.csproj", "{D14FCDA9-E0F9-482F-B260-5AFAB27BF628}"
EndProject
Global
	GlobalSection(SolutionConfigurationPlatforms) = preSolution
		Debug|Any CPU = Debug|Any CPU
		Release|Any CPU = Release|Any CPU
	EndGlobalSection
	GlobalSection(ProjectConfigurationPlatforms) = postSolution
		{D14FCDA9-E0F9-482F-B260-5AFAB27BF628}.Debug|Any CPU.ActiveCfg = Debug|Any CPU
		{D14FCDA9-E0F9-482F-B260-5AFAB27BF628}.Debug|Any CPU.Build.0 = Debug|Any CPU
		{D14FCDA9-E0F9-482F-B260-5AFAB27BF628}.Release|Any CPU.ActiveCfg = Release|Any CPU
		{D14FCDA9-E0F9-482F-B260-5AFAB27BF628}.Release|Any CPU.Build.0 = Release|Any CPU
	EndGlobalSection
	GlobalSection(SolutionProperties) = preSolution
		HideSolutionNode = FALSE
	EndGlobalSection
EndGlobal
